
Microsoft Visual Studio Solution File, Format Version 12.00
# Visual Studio Version 17
VisualStudioVersion = 17.4.33213.308
MinimumVisualStudioVersion = 10.0.40219.1
Project("{FAE04EC0-301F-11D3-BF4B-00C04F79EFBC}") = "GetToTheAirportStrategy", "GetToTheAirportStrategy\GetToTheAirportStrategy.csproj", "{D328EF10-A3BE-43B7-B394-CDF0DFFBBD95}"
EndProject
Global
	GlobalSection(SolutionConfigurationPlatforms) = preSolution
		Debug|Any CPU = Debug|Any CPU
		Release|Any CPU = Release|Any CPU
	EndGlobalSection
	GlobalSection(ProjectConfigurationPlatforms) = postSolution
		{D328EF10-A3BE-43B7-B394-CDF0DFFBBD95}.Debug|Any CPU.ActiveCfg = Debug|Any CPU
		{D328EF10-A3BE-43B7-B394-CDF0DFFBBD95}.Debug|Any CPU.Build.0 = Debug|Any CPU
		{D328EF10-A3BE-43B7-B394-CDF0DFFBBD95}.Release|Any CPU.ActiveCfg = Release|Any CPU
		{D328EF10-A3BE-43B7-B394-CDF0DFFBBD95}.Release|Any CPU.Build.0 = Release|Any CPU
	EndGlobalSection
	GlobalSection(SolutionProperties) = preSolution
		HideSolutionNode = FALSE
	EndGlobalSection
	GlobalSection(ExtensibilityGlobals) = postSolution
		SolutionGuid = {B51C8CB1-E042-46BA-AEB7-FF5706F20C64}
	EndGlobalSection
EndGlobal
